// !$*UTF8*$!
{
	archiveVersion = 1;
	classes = {
	};
	objectVersion = 56;
	objects = {

/* Begin PBXBuildFile section */
		910B069C2BBDBA4100313EAD /* PracticeModel.swift in Sources */ = {isa = PBXBuildFile; fileRef = 910B069B2BBDBA4100313EAD /* PracticeModel.swift */; };
		910B069E2BBDBBD000313EAD /* DataTransformation.swift in Sources */ = {isa = PBXBuildFile; fileRef = 910B069D2BBDBBD000313EAD /* DataTransformation.swift */; };
		910B06A02BBDBD1400313EAD /* UserModel.swift in Sources */ = {isa = PBXBuildFile; fileRef = 910B069F2BBDBD1400313EAD /* UserModel.swift */; };
		910B06A22BBDBE2500313EAD /* EventModel.swift in Sources */ = {isa = PBXBuildFile; fileRef = 910B06A12BBDBE2500313EAD /* EventModel.swift */; };
		910B06A42BBDC15400313EAD /* TodoModel.swift in Sources */ = {isa = PBXBuildFile; fileRef = 910B06A32BBDC15400313EAD /* TodoModel.swift */; };
		910B06A72BBDC31100313EAD /* PracticeManager.swift in Sources */ = {isa = PBXBuildFile; fileRef = 910B06A62BBDC31100313EAD /* PracticeManager.swift */; };
		910B06A92BBDC8FA00313EAD /* HomeView.swift in Sources */ = {isa = PBXBuildFile; fileRef = 910B06A82BBDC8FA00313EAD /* HomeView.swift */; };
		910B06AC2BBDCE4500313EAD /* Bento.swift in Sources */ = {isa = PBXBuildFile; fileRef = 910B06AB2BBDCE4500313EAD /* Bento.swift */; };
		91670B822BBB8B0D00509C6B /* Collections in Frameworks */ = {isa = PBXBuildFile; productRef = 91670B812BBB8B0D00509C6B /* Collections */; };
		9174AEDA2BBA87D700B6BEFB /* PerfectPracticeApp.swift in Sources */ = {isa = PBXBuildFile; fileRef = 9174AED92BBA87D700B6BEFB /* PerfectPracticeApp.swift */; };
		9174AEDC2BBA87D700B6BEFB /* ContentView.swift in Sources */ = {isa = PBXBuildFile; fileRef = 9174AEDB2BBA87D700B6BEFB /* ContentView.swift */; };
		9174AEE02BBA87D700B6BEFB /* Assets.xcassets in Resources */ = {isa = PBXBuildFile; fileRef = 9174AEDF2BBA87D700B6BEFB /* Assets.xcassets */; };
		9174AEE32BBA87D700B6BEFB /* Preview Assets.xcassets in Resources */ = {isa = PBXBuildFile; fileRef = 9174AEE22BBA87D700B6BEFB /* Preview Assets.xcassets */; };
/* End PBXBuildFile section */

/* Begin PBXFileReference section */
		910B069B2BBDBA4100313EAD /* PracticeModel.swift */ = {isa = PBXFileReference; lastKnownFileType = sourcecode.swift; path = PracticeModel.swift; sourceTree = "<group>"; };
		910B069D2BBDBBD000313EAD /* DataTransformation.swift */ = {isa = PBXFileReference; lastKnownFileType = sourcecode.swift; path = DataTransformation.swift; sourceTree = "<group>"; };
		910B069F2BBDBD1400313EAD /* UserModel.swift */ = {isa = PBXFileReference; lastKnownFileType = sourcecode.swift; path = UserModel.swift; sourceTree = "<group>"; };
		910B06A12BBDBE2500313EAD /* EventModel.swift */ = {isa = PBXFileReference; lastKnownFileType = sourcecode.swift; path = EventModel.swift; sourceTree = "<group>"; };
		910B06A32BBDC15400313EAD /* TodoModel.swift */ = {isa = PBXFileReference; lastKnownFileType = sourcecode.swift; path = TodoModel.swift; sourceTree = "<group>"; };
		910B06A62BBDC31100313EAD /* PracticeManager.swift */ = {isa = PBXFileReference; lastKnownFileType = sourcecode.swift; path = PracticeManager.swift; sourceTree = "<group>"; };
		910B06A82BBDC8FA00313EAD /* HomeView.swift */ = {isa = PBXFileReference; lastKnownFileType = sourcecode.swift; path = HomeView.swift; sourceTree = "<group>"; };
		910B06AB2BBDCE4500313EAD /* Bento.swift */ = {isa = PBXFileReference; lastKnownFileType = sourcecode.swift; path = Bento.swift; sourceTree = "<group>"; };
		9174AED62BBA87D700B6BEFB /* PerfectPractice.app */ = {isa = PBXFileReference; explicitFileType = wrapper.application; includeInIndex = 0; path = PerfectPractice.app; sourceTree = BUILT_PRODUCTS_DIR; };
		9174AED92BBA87D700B6BEFB /* PerfectPracticeApp.swift */ = {isa = PBXFileReference; lastKnownFileType = sourcecode.swift; path = PerfectPracticeApp.swift; sourceTree = "<group>"; };
		9174AEDB2BBA87D700B6BEFB /* ContentView.swift */ = {isa = PBXFileReference; lastKnownFileType = sourcecode.swift; path = ContentView.swift; sourceTree = "<group>"; };
		9174AEDF2BBA87D700B6BEFB /* Assets.xcassets */ = {isa = PBXFileReference; lastKnownFileType = folder.assetcatalog; path = Assets.xcassets; sourceTree = "<group>"; };
		9174AEE22BBA87D700B6BEFB /* Preview Assets.xcassets */ = {isa = PBXFileReference; lastKnownFileType = folder.assetcatalog; path = "Preview Assets.xcassets"; sourceTree = "<group>"; };
		9174AEE92BBA87EB00B6BEFB /* PerfectPractice.entitlements */ = {isa = PBXFileReference; lastKnownFileType = text.plist.entitlements; path = PerfectPractice.entitlements; sourceTree = "<group>"; };
		9174AEEA2BBA87FF00B6BEFB /* Info.plist */ = {isa = PBXFileReference; lastKnownFileType = text.plist; path = Info.plist; sourceTree = "<group>"; };
/* End PBXFileReference section */

/* Begin PBXFrameworksBuildPhase section */
		9174AED32BBA87D700B6BEFB /* Frameworks */ = {
			isa = PBXFrameworksBuildPhase;
			buildActionMask = 2147483647;
			files = (
				91670B822BBB8B0D00509C6B /* Collections in Frameworks */,
			);
			runOnlyForDeploymentPostprocessing = 0;
		};
/* End PBXFrameworksBuildPhase section */

/* Begin PBXGroup section */
		910B06A52BBDC2F800313EAD /* Managers */ = {
			isa = PBXGroup;
			children = (
				910B06A62BBDC31100313EAD /* PracticeManager.swift */,
			);
			path = Managers;
			sourceTree = "<group>";
		};
		910B06AA2BBDC8FD00313EAD /* HomeView */ = {
			isa = PBXGroup;
			children = (
				910B06A82BBDC8FA00313EAD /* HomeView.swift */,
			);
			path = HomeView;
			sourceTree = "<group>";
		};
		91670B7B2BBB261500509C6B /* ProfileView */ = {
			isa = PBXGroup;
			children = (
			);
			path = ProfileView;
			sourceTree = "<group>";
		};
		9174AECD2BBA87D700B6BEFB = {
			isa = PBXGroup;
			children = (
				9174AED82BBA87D700B6BEFB /* PerfectPractice */,
				9174AED72BBA87D700B6BEFB /* Products */,
			);
			sourceTree = "<group>";
		};
		9174AED72BBA87D700B6BEFB /* Products */ = {
			isa = PBXGroup;
			children = (
				9174AED62BBA87D700B6BEFB /* PerfectPractice.app */,
			);
			name = Products;
			sourceTree = "<group>";
		};
		9174AED82BBA87D700B6BEFB /* PerfectPractice */ = {
			isa = PBXGroup;
			children = (
				9174AEEA2BBA87FF00B6BEFB /* Info.plist */,
				9174AEE92BBA87EB00B6BEFB /* PerfectPractice.entitlements */,
				9174AED92BBA87D700B6BEFB /* PerfectPracticeApp.swift */,
				9174AEDB2BBA87D700B6BEFB /* ContentView.swift */,
				910B06AA2BBDC8FD00313EAD /* HomeView */,
				91EBB85F2BBC9D9F000DB0B7 /* PracticeView */,
				91670B7B2BBB261500509C6B /* ProfileView */,
				9174AEEE2BBA8AFF00B6BEFB /* PracticeHistoryView */,
				9174AEED2BBA8AF500B6BEFB /* Data */,
				910B06A52BBDC2F800313EAD /* Managers */,
				9174AEF12BBA8BA200B6BEFB /* Utils */,
				9174AEDF2BBA87D700B6BEFB /* Assets.xcassets */,
				9174AEE12BBA87D700B6BEFB /* Preview Content */,
			);
			path = PerfectPractice;
			sourceTree = "<group>";
		};
		9174AEE12BBA87D700B6BEFB /* Preview Content */ = {
			isa = PBXGroup;
			children = (
				9174AEE22BBA87D700B6BEFB /* Preview Assets.xcassets */,
			);
			path = "Preview Content";
			sourceTree = "<group>";
		};
		9174AEED2BBA8AF500B6BEFB /* Data */ = {
			isa = PBXGroup;
			children = (
				910B069B2BBDBA4100313EAD /* PracticeModel.swift */,
				910B069F2BBDBD1400313EAD /* UserModel.swift */,
				910B06A12BBDBE2500313EAD /* EventModel.swift */,
				910B06A32BBDC15400313EAD /* TodoModel.swift */,
			);
			path = Data;
			sourceTree = "<group>";
		};
		9174AEEE2BBA8AFF00B6BEFB /* PracticeHistoryView */ = {
			isa = PBXGroup;
			children = (
			);
			path = PracticeHistoryView;
			sourceTree = "<group>";
		};
		9174AEF12BBA8BA200B6BEFB /* Utils */ = {
			isa = PBXGroup;
			children = (
				910B069D2BBDBBD000313EAD /* DataTransformation.swift */,
				910B06AB2BBDCE4500313EAD /* Bento.swift */,
			);
			path = Utils;
			sourceTree = "<group>";
		};
		91EBB85F2BBC9D9F000DB0B7 /* PracticeView */ = {
			isa = PBXGroup;
			children = (
			);
			path = PracticeView;
			sourceTree = "<group>";
		};
/* End PBXGroup section */

/* Begin PBXNativeTarget section */
		9174AED52BBA87D700B6BEFB /* PerfectPractice */ = {
			isa = PBXNativeTarget;
			buildConfigurationList = 9174AEE62BBA87D700B6BEFB /* Build configuration list for PBXNativeTarget "PerfectPractice" */;
			buildPhases = (
				9174AED22BBA87D700B6BEFB /* Sources */,
				9174AED32BBA87D700B6BEFB /* Frameworks */,
				9174AED42BBA87D700B6BEFB /* Resources */,
			);
			buildRules = (
			);
			dependencies = (
			);
			name = PerfectPractice;
			packageProductDependencies = (
				91670B812BBB8B0D00509C6B /* Collections */,
			);
			productName = PerfectPractice;
			productReference = 9174AED62BBA87D700B6BEFB /* PerfectPractice.app */;
			productType = "com.apple.product-type.application";
		};
/* End PBXNativeTarget section */

/* Begin PBXProject section */
		9174AECE2BBA87D700B6BEFB /* Project object */ = {
			isa = PBXProject;
			attributes = {
				BuildIndependentTargetsInParallel = 1;
				LastSwiftUpdateCheck = 1530;
				LastUpgradeCheck = 1530;
				TargetAttributes = {
					9174AED52BBA87D700B6BEFB = {
						CreatedOnToolsVersion = 15.3;
					};
				};
			};
			buildConfigurationList = 9174AED12BBA87D700B6BEFB /* Build configuration list for PBXProject "PerfectPractice" */;
			compatibilityVersion = "Xcode 14.0";
			developmentRegion = en;
			hasScannedForEncodings = 0;
			knownRegions = (
				en,
				Base,
			);
			mainGroup = 9174AECD2BBA87D700B6BEFB;
			packageReferences = (
				91670B802BBB8B0D00509C6B /* XCRemoteSwiftPackageReference "swift-collections" */,
			);
			productRefGroup = 9174AED72BBA87D700B6BEFB /* Products */;
			projectDirPath = "";
			projectRoot = "";
			targets = (
				9174AED52BBA87D700B6BEFB /* PerfectPractice */,
			);
		};
/* End PBXProject section */

/* Begin PBXResourcesBuildPhase section */
		9174AED42BBA87D700B6BEFB /* Resources */ = {
			isa = PBXResourcesBuildPhase;
			buildActionMask = 2147483647;
			files = (
				9174AEE32BBA87D700B6BEFB /* Preview Assets.xcassets in Resources */,
				9174AEE02BBA87D700B6BEFB /* Assets.xcassets in Resources */,
			);
			runOnlyForDeploymentPostprocessing = 0;
		};
/* End PBXResourcesBuildPhase section */

/* Begin PBXSourcesBuildPhase section */
		9174AED22BBA87D700B6BEFB /* Sources */ = {
			isa = PBXSourcesBuildPhase;
			buildActionMask = 2147483647;
			files = (
				910B06A92BBDC8FA00313EAD /* HomeView.swift in Sources */,
				910B069E2BBDBBD000313EAD /* DataTransformation.swift in Sources */,
				910B069C2BBDBA4100313EAD /* PracticeModel.swift in Sources */,
				9174AEDC2BBA87D700B6BEFB /* ContentView.swift in Sources */,
				910B06A02BBDBD1400313EAD /* UserModel.swift in Sources */,
				910B06AC2BBDCE4500313EAD /* Bento.swift in Sources */,
				910B06A22BBDBE2500313EAD /* EventModel.swift in Sources */,
				910B06A42BBDC15400313EAD /* TodoModel.swift in Sources */,
				910B06A72BBDC31100313EAD /* PracticeManager.swift in Sources */,
				9174AEDA2BBA87D700B6BEFB /* PerfectPracticeApp.swift in Sources */,
			);
			runOnlyForDeploymentPostprocessing = 0;
		};
/* End PBXSourcesBuildPhase section */

/* Begin XCBuildConfiguration section */
		9174AEE42BBA87D700B6BEFB /* Debug */ = {
			isa = XCBuildConfiguration;
			buildSettings = {
				ALWAYS_SEARCH_USER_PATHS = NO;
				ASSETCATALOG_COMPILER_GENERATE_SWIFT_ASSET_SYMBOL_EXTENSIONS = YES;
				CLANG_ANALYZER_NONNULL = YES;
				CLANG_ANALYZER_NUMBER_OBJECT_CONVERSION = YES_AGGRESSIVE;
				CLANG_CXX_LANGUAGE_STANDARD = "gnu++20";
				CLANG_ENABLE_MODULES = YES;
				CLANG_ENABLE_OBJC_ARC = YES;
				CLANG_ENABLE_OBJC_WEAK = YES;
				CLANG_WARN_BLOCK_CAPTURE_AUTORELEASING = YES;
				CLANG_WARN_BOOL_CONVERSION = YES;
				CLANG_WARN_COMMA = YES;
				CLANG_WARN_CONSTANT_CONVERSION = YES;
				CLANG_WARN_DEPRECATED_OBJC_IMPLEMENTATIONS = YES;
				CLANG_WARN_DIRECT_OBJC_ISA_USAGE = YES_ERROR;
				CLANG_WARN_DOCUMENTATION_COMMENTS = YES;
				CLANG_WARN_EMPTY_BODY = YES;
				CLANG_WARN_ENUM_CONVERSION = YES;
				CLANG_WARN_INFINITE_RECURSION = YES;
				CLANG_WARN_INT_CONVERSION = YES;
				CLANG_WARN_NON_LITERAL_NULL_CONVERSION = YES;
				CLANG_WARN_OBJC_IMPLICIT_RETAIN_SELF = YES;
				CLANG_WARN_OBJC_LITERAL_CONVERSION = YES;
				CLANG_WARN_OBJC_ROOT_CLASS = YES_ERROR;
				CLANG_WARN_QUOTED_INCLUDE_IN_FRAMEWORK_HEADER = YES;
				CLANG_WARN_RANGE_LOOP_ANALYSIS = YES;
				CLANG_WARN_STRICT_PROTOTYPES = YES;
				CLANG_WARN_SUSPICIOUS_MOVE = YES;
				CLANG_WARN_UNGUARDED_AVAILABILITY = YES_AGGRESSIVE;
				CLANG_WARN_UNREACHABLE_CODE = YES;
				CLANG_WARN__DUPLICATE_METHOD_MATCH = YES;
				COPY_PHASE_STRIP = NO;
				DEBUG_INFORMATION_FORMAT = dwarf;
				ENABLE_STRICT_OBJC_MSGSEND = YES;
				ENABLE_TESTABILITY = YES;
				ENABLE_USER_SCRIPT_SANDBOXING = YES;
				GCC_C_LANGUAGE_STANDARD = gnu17;
				GCC_DYNAMIC_NO_PIC = NO;
				GCC_NO_COMMON_BLOCKS = YES;
				GCC_OPTIMIZATION_LEVEL = 0;
				GCC_PREPROCESSOR_DEFINITIONS = (
					"DEBUG=1",
					"$(inherited)",
				);
				GCC_WARN_64_TO_32_BIT_CONVERSION = YES;
				GCC_WARN_ABOUT_RETURN_TYPE = YES_ERROR;
				GCC_WARN_UNDECLARED_SELECTOR = YES;
				GCC_WARN_UNINITIALIZED_AUTOS = YES_AGGRESSIVE;
				GCC_WARN_UNUSED_FUNCTION = YES;
				GCC_WARN_UNUSED_VARIABLE = YES;
				IPHONEOS_DEPLOYMENT_TARGET = 17.4;
				LOCALIZATION_PREFERS_STRING_CATALOGS = YES;
				MTL_ENABLE_DEBUG_INFO = INCLUDE_SOURCE;
				MTL_FAST_MATH = YES;
				ONLY_ACTIVE_ARCH = YES;
				SDKROOT = iphoneos;
				SWIFT_ACTIVE_COMPILATION_CONDITIONS = "DEBUG $(inherited)";
				SWIFT_OPTIMIZATION_LEVEL = "-Onone";
			};
			name = Debug;
		};
		9174AEE52BBA87D700B6BEFB /* Release */ = {
			isa = XCBuildConfiguration;
			buildSettings = {
				ALWAYS_SEARCH_USER_PATHS = NO;
				ASSETCATALOG_COMPILER_GENERATE_SWIFT_ASSET_SYMBOL_EXTENSIONS = YES;
				CLANG_ANALYZER_NONNULL = YES;
				CLANG_ANALYZER_NUMBER_OBJECT_CONVERSION = YES_AGGRESSIVE;
				CLANG_CXX_LANGUAGE_STANDARD = "gnu++20";
				CLANG_ENABLE_MODULES = YES;
				CLANG_ENABLE_OBJC_ARC = YES;
				CLANG_ENABLE_OBJC_WEAK = YES;
				CLANG_WARN_BLOCK_CAPTURE_AUTORELEASING = YES;
				CLANG_WARN_BOOL_CONVERSION = YES;
				CLANG_WARN_COMMA = YES;
				CLANG_WARN_CONSTANT_CONVERSION = YES;
				CLANG_WARN_DEPRECATED_OBJC_IMPLEMENTATIONS = YES;
				CLANG_WARN_DIRECT_OBJC_ISA_USAGE = YES_ERROR;
				CLANG_WARN_DOCUMENTATION_COMMENTS = YES;
				CLANG_WARN_EMPTY_BODY = YES;
				CLANG_WARN_ENUM_CONVERSION = YES;
				CLANG_WARN_INFINITE_RECURSION = YES;
				CLANG_WARN_INT_CONVERSION = YES;
				CLANG_WARN_NON_LITERAL_NULL_CONVERSION = YES;
				CLANG_WARN_OBJC_IMPLICIT_RETAIN_SELF = YES;
				CLANG_WARN_OBJC_LITERAL_CONVERSION = YES;
				CLANG_WARN_OBJC_ROOT_CLASS = YES_ERROR;
				CLANG_WARN_QUOTED_INCLUDE_IN_FRAMEWORK_HEADER = YES;
				CLANG_WARN_RANGE_LOOP_ANALYSIS = YES;
				CLANG_WARN_STRICT_PROTOTYPES = YES;
				CLANG_WARN_SUSPICIOUS_MOVE = YES;
				CLANG_WARN_UNGUARDED_AVAILABILITY = YES_AGGRESSIVE;
				CLANG_WARN_UNREACHABLE_CODE = YES;
				CLANG_WARN__DUPLICATE_METHOD_MATCH = YES;
				COPY_PHASE_STRIP = NO;
				DEBUG_INFORMATION_FORMAT = "dwarf-with-dsym";
				ENABLE_NS_ASSERTIONS = NO;
				ENABLE_STRICT_OBJC_MSGSEND = YES;
				ENABLE_USER_SCRIPT_SANDBOXING = YES;
				GCC_C_LANGUAGE_STANDARD = gnu17;
				GCC_NO_COMMON_BLOCKS = YES;
				GCC_WARN_64_TO_32_BIT_CONVERSION = YES;
				GCC_WARN_ABOUT_RETURN_TYPE = YES_ERROR;
				GCC_WARN_UNDECLARED_SELECTOR = YES;
				GCC_WARN_UNINITIALIZED_AUTOS = YES_AGGRESSIVE;
				GCC_WARN_UNUSED_FUNCTION = YES;
				GCC_WARN_UNUSED_VARIABLE = YES;
				IPHONEOS_DEPLOYMENT_TARGET = 17.4;
				LOCALIZATION_PREFERS_STRING_CATALOGS = YES;
				MTL_ENABLE_DEBUG_INFO = NO;
				MTL_FAST_MATH = YES;
				SDKROOT = iphoneos;
				SWIFT_COMPILATION_MODE = wholemodule;
				VALIDATE_PRODUCT = YES;
			};
			name = Release;
		};
		9174AEE72BBA87D700B6BEFB /* Debug */ = {
			isa = XCBuildConfiguration;
			buildSettings = {
				ASSETCATALOG_COMPILER_APPICON_NAME = AppIcon;
				ASSETCATALOG_COMPILER_GLOBAL_ACCENT_COLOR_NAME = AccentColor;
				CODE_SIGN_ENTITLEMENTS = PerfectPractice/PerfectPractice.entitlements;
				CODE_SIGN_STYLE = Automatic;
				CURRENT_PROJECT_VERSION = 1;
				DEVELOPMENT_ASSET_PATHS = "\"PerfectPractice/Preview Content\"";
				DEVELOPMENT_TEAM = T6S3X5KD6C;
				ENABLE_PREVIEWS = YES;
				GENERATE_INFOPLIST_FILE = YES;
				INFOPLIST_FILE = PerfectPractice/Info.plist;
				INFOPLIST_KEY_UIApplicationSceneManifest_Generation = YES;
				INFOPLIST_KEY_UIApplicationSupportsIndirectInputEvents = YES;
				INFOPLIST_KEY_UILaunchScreen_Generation = YES;
				INFOPLIST_KEY_UISupportedInterfaceOrientations_iPad = "UIInterfaceOrientationPortrait UIInterfaceOrientationPortraitUpsideDown UIInterfaceOrientationLandscapeLeft UIInterfaceOrientationLandscapeRight";
				INFOPLIST_KEY_UISupportedInterfaceOrientations_iPhone = "UIInterfaceOrientationPortrait UIInterfaceOrientationLandscapeLeft UIInterfaceOrientationLandscapeRight";
				LD_RUNPATH_SEARCH_PATHS = (
					"$(inherited)",
					"@executable_path/Frameworks",
				);
				MARKETING_VERSION = 1.0;
				PRODUCT_BUNDLE_IDENTIFIER = Francia.PerfectPractice;
				PRODUCT_NAME = "$(TARGET_NAME)";
				SWIFT_EMIT_LOC_STRINGS = YES;
				SWIFT_VERSION = 5.0;
				TARGETED_DEVICE_FAMILY = "1,2";
			};
			name = Debug;
		};
		9174AEE82BBA87D700B6BEFB /* Release */ = {
			isa = XCBuildConfiguration;
			buildSettings = {
				ASSETCATALOG_COMPILER_APPICON_NAME = AppIcon;
				ASSETCATALOG_COMPILER_GLOBAL_ACCENT_COLOR_NAME = AccentColor;
				CODE_SIGN_ENTITLEMENTS = PerfectPractice/PerfectPractice.entitlements;
				CODE_SIGN_STYLE = Automatic;
				CURRENT_PROJECT_VERSION = 1;
				DEVELOPMENT_ASSET_PATHS = "\"PerfectPractice/Preview Content\"";
				DEVELOPMENT_TEAM = T6S3X5KD6C;
				ENABLE_PREVIEWS = YES;
				GENERATE_INFOPLIST_FILE = YES;
				INFOPLIST_FILE = PerfectPractice/Info.plist;
				INFOPLIST_KEY_UIApplicationSceneManifest_Generation = YES;
				INFOPLIST_KEY_UIApplicationSupportsIndirectInputEvents = YES;
				INFOPLIST_KEY_UILaunchScreen_Generation = YES;
				INFOPLIST_KEY_UISupportedInterfaceOrientations_iPad = "UIInterfaceOrientationPortrait UIInterfaceOrientationPortraitUpsideDown UIInterfaceOrientationLandscapeLeft UIInterfaceOrientationLandscapeRight";
				INFOPLIST_KEY_UISupportedInterfaceOrientations_iPhone = "UIInterfaceOrientationPortrait UIInterfaceOrientationLandscapeLeft UIInterfaceOrientationLandscapeRight";
				LD_RUNPATH_SEARCH_PATHS = (
					"$(inherited)",
					"@executable_path/Frameworks",
				);
				MARKETING_VERSION = 1.0;
				PRODUCT_BUNDLE_IDENTIFIER = Francia.PerfectPractice;
				PRODUCT_NAME = "$(TARGET_NAME)";
				SWIFT_EMIT_LOC_STRINGS = YES;
				SWIFT_VERSION = 5.0;
				TARGETED_DEVICE_FAMILY = "1,2";
			};
			name = Release;
		};
/* End XCBuildConfiguration section */

/* Begin XCConfigurationList section */
		9174AED12BBA87D700B6BEFB /* Build configuration list for PBXProject "PerfectPractice" */ = {
			isa = XCConfigurationList;
			buildConfigurations = (
				9174AEE42BBA87D700B6BEFB /* Debug */,
				9174AEE52BBA87D700B6BEFB /* Release */,
			);
			defaultConfigurationIsVisible = 0;
			defaultConfigurationName = Release;
		};
		9174AEE62BBA87D700B6BEFB /* Build configuration list for PBXNativeTarget "PerfectPractice" */ = {
			isa = XCConfigurationList;
			buildConfigurations = (
				9174AEE72BBA87D700B6BEFB /* Debug */,
				9174AEE82BBA87D700B6BEFB /* Release */,
			);
			defaultConfigurationIsVisible = 0;
			defaultConfigurationName = Release;
		};
/* End XCConfigurationList section */

/* Begin XCRemoteSwiftPackageReference section */
		91670B802BBB8B0D00509C6B /* XCRemoteSwiftPackageReference "swift-collections" */ = {
			isa = XCRemoteSwiftPackageReference;
			repositoryURL = "https://github.com/apple/swift-collections.git";
			requirement = {
				kind = upToNextMajorVersion;
				minimumVersion = 1.1.0;
			};
		};
/* End XCRemoteSwiftPackageReference section */

/* Begin XCSwiftPackageProductDependency section */
		91670B812BBB8B0D00509C6B /* Collections */ = {
			isa = XCSwiftPackageProductDependency;
			package = 91670B802BBB8B0D00509C6B /* XCRemoteSwiftPackageReference "swift-collections" */;
			productName = Collections;
		};
/* End XCSwiftPackageProductDependency section */
	};
	rootObject = 9174AECE2BBA87D700B6BEFB /* Project object */;
}
