// !$*UTF8*$!
{
	archiveVersion = 1;
	classes = {
	};
	objectVersion = 56;
	objects = {

/* Begin PBXBuildFile section */
		910B069C2BBDBA4100313EAD /* PracticeModel.swift in Sources */ = {isa = PBXBuildFile; fileRef = 910B069B2BBDBA4100313EAD /* PracticeModel.swift */; };
		910B069E2BBDBBD000313EAD /* DataTransformation.swift in Sources */ = {isa = PBXBuildFile; fileRef = 910B069D2BBDBBD000313EAD /* DataTransformation.swift */; };
		910B06A02BBDBD1400313EAD /* UserModel.swift in Sources */ = {isa = PBXBuildFile; fileRef = 910B069F2BBDBD1400313EAD /* UserModel.swift */; };
		910B06A22BBDBE2500313EAD /* EventModel.swift in Sources */ = {isa = PBXBuildFile; fileRef = 910B06A12BBDBE2500313EAD /* EventModel.swift */; };
		910B06A72BBDC31100313EAD /* PracticeManager.swift in Sources */ = {isa = PBXBuildFile; fileRef = 910B06A62BBDC31100313EAD /* PracticeManager.swift */; };
		910B06A92BBDC8FA00313EAD /* HomeView.swift in Sources */ = {isa = PBXBuildFile; fileRef = 910B06A82BBDC8FA00313EAD /* HomeView.swift */; };
		910B06AC2BBDCE4500313EAD /* Bento.swift in Sources */ = {isa = PBXBuildFile; fileRef = 910B06AB2BBDCE4500313EAD /* Bento.swift */; };
		910B06AE2BBDE97600313EAD /* HelperFunctions.swift in Sources */ = {isa = PBXBuildFile; fileRef = 910B06AD2BBDE97600313EAD /* HelperFunctions.swift */; };
		910B06B32BBDFFBE00313EAD /* PracticeButton.swift in Sources */ = {isa = PBXBuildFile; fileRef = 910B06B22BBDFFBE00313EAD /* PracticeButton.swift */; };
		910DB6C12BBE293D00ABD082 /* EventListingView.swift in Sources */ = {isa = PBXBuildFile; fileRef = 910DB6C02BBE293D00ABD082 /* EventListingView.swift */; };
		910DB6C32BBE2A1B00ABD082 /* EventsWidget.swift in Sources */ = {isa = PBXBuildFile; fileRef = 910DB6C22BBE2A1B00ABD082 /* EventsWidget.swift */; };
		911D30862BC47753008E6921 /* UpcomingWidget.swift in Sources */ = {isa = PBXBuildFile; fileRef = 911D30852BC47753008E6921 /* UpcomingWidget.swift */; };
		9132957E2BC090A700760FB7 /* TodoWidget.swift in Sources */ = {isa = PBXBuildFile; fileRef = 9132957D2BC090A700760FB7 /* TodoWidget.swift */; };
		9138A4FA2BC70C0B00A6E0A5 /* ScheduleWidget.swift in Sources */ = {isa = PBXBuildFile; fileRef = 9138A4F92BC70C0B00A6E0A5 /* ScheduleWidget.swift */; };
		9138A5012BC7313F00A6E0A5 /* UserManager.swift in Sources */ = {isa = PBXBuildFile; fileRef = 9138A5002BC7313F00A6E0A5 /* UserManager.swift */; };
		91622B472BBE0E6400A8DB7B /* PracticeView.swift in Sources */ = {isa = PBXBuildFile; fileRef = 91622B462BBE0E6400A8DB7B /* PracticeView.swift */; };
		916598162BC85DB600CCA81C /* ScheduleWidgetListing.swift in Sources */ = {isa = PBXBuildFile; fileRef = 916598152BC85DB600CCA81C /* ScheduleWidgetListing.swift */; };
		916598192BC8646800CCA81C /* GoalWidget.swift in Sources */ = {isa = PBXBuildFile; fileRef = 916598182BC8646800CCA81C /* GoalWidget.swift */; };
		91660EA72BBF756500DA9DC8 /* EventEditView.swift in Sources */ = {isa = PBXBuildFile; fileRef = 91660EA62BBF756500DA9DC8 /* EventEditView.swift */; };
		91670B822BBB8B0D00509C6B /* Collections in Frameworks */ = {isa = PBXBuildFile; productRef = 91670B812BBB8B0D00509C6B /* Collections */; };
		916A04392BC0690D0033A4F9 /* ThemeManager.swift in Sources */ = {isa = PBXBuildFile; fileRef = 916A04382BC0690D0033A4F9 /* ThemeManager.swift */; };
		916A043C2BC077320033A4F9 /* PFPButton.swift in Sources */ = {isa = PBXBuildFile; fileRef = 916A043B2BC077320033A4F9 /* PFPButton.swift */; };
		916A043E2BC077440033A4F9 /* SidebarManager.swift in Sources */ = {isa = PBXBuildFile; fileRef = 916A043D2BC077440033A4F9 /* SidebarManager.swift */; };
		9174AEDA2BBA87D700B6BEFB /* PerfectPracticeApp.swift in Sources */ = {isa = PBXBuildFile; fileRef = 9174AED92BBA87D700B6BEFB /* PerfectPracticeApp.swift */; };
		9174AEDC2BBA87D700B6BEFB /* ContentView.swift in Sources */ = {isa = PBXBuildFile; fileRef = 9174AEDB2BBA87D700B6BEFB /* ContentView.swift */; };
		9174AEE02BBA87D700B6BEFB /* Assets.xcassets in Resources */ = {isa = PBXBuildFile; fileRef = 9174AEDF2BBA87D700B6BEFB /* Assets.xcassets */; };
		9174AEE32BBA87D700B6BEFB /* Preview Assets.xcassets in Resources */ = {isa = PBXBuildFile; fileRef = 9174AEE22BBA87D700B6BEFB /* Preview Assets.xcassets */; };
		91C6F4512BC4C11E003DD1FF /* CircleButton.swift in Sources */ = {isa = PBXBuildFile; fileRef = 91C6F4502BC4C11E003DD1FF /* CircleButton.swift */; };
		91CE9C032BC5BB4600507F8C /* FormattedTimeInterval.swift in Sources */ = {isa = PBXBuildFile; fileRef = 91CE9C022BC5BB4600507F8C /* FormattedTimeInterval.swift */; };
		91CE9C052BC5C00300507F8C /* CapsuleButton.swift in Sources */ = {isa = PBXBuildFile; fileRef = 91CE9C042BC5C00300507F8C /* CapsuleButton.swift */; };
		91D759462BC8743100754CC9 /* GoalWidgetListing.swift in Sources */ = {isa = PBXBuildFile; fileRef = 91D759452BC8743100754CC9 /* GoalWidgetListing.swift */; };
		91E7A5342BC7716400EF72B4 /* TodoWidgetListing.swift in Sources */ = {isa = PBXBuildFile; fileRef = 91E7A5332BC7716400EF72B4 /* TodoWidgetListing.swift */; };
		91E7C7732BC32BD200B558BB /* Tags.swift in Sources */ = {isa = PBXBuildFile; fileRef = 91E7C7722BC32BD200B558BB /* Tags.swift */; };
/* End PBXBuildFile section */

/* Begin PBXFileReference section */
		910B069B2BBDBA4100313EAD /* PracticeModel.swift */ = {isa = PBXFileReference; lastKnownFileType = sourcecode.swift; path = PracticeModel.swift; sourceTree = "<group>"; };
		910B069D2BBDBBD000313EAD /* DataTransformation.swift */ = {isa = PBXFileReference; lastKnownFileType = sourcecode.swift; path = DataTransformation.swift; sourceTree = "<group>"; };
		910B069F2BBDBD1400313EAD /* UserModel.swift */ = {isa = PBXFileReference; lastKnownFileType = sourcecode.swift; path = UserModel.swift; sourceTree = "<group>"; };
		910B06A12BBDBE2500313EAD /* EventModel.swift */ = {isa = PBXFileReference; lastKnownFileType = sourcecode.swift; path = EventModel.swift; sourceTree = "<group>"; };
		910B06A62BBDC31100313EAD /* PracticeManager.swift */ = {isa = PBXFileReference; lastKnownFileType = sourcecode.swift; path = PracticeManager.swift; sourceTree = "<group>"; };
		910B06A82BBDC8FA00313EAD /* HomeView.swift */ = {isa = PBXFileReference; lastKnownFileType = sourcecode.swift; path = HomeView.swift; sourceTree = "<group>"; };
		910B06AB2BBDCE4500313EAD /* Bento.swift */ = {isa = PBXFileReference; lastKnownFileType = sourcecode.swift; path = Bento.swift; sourceTree = "<group>"; };
		910B06AD2BBDE97600313EAD /* HelperFunctions.swift */ = {isa = PBXFileReference; lastKnownFileType = sourcecode.swift; path = HelperFunctions.swift; sourceTree = "<group>"; };
		910B06B22BBDFFBE00313EAD /* PracticeButton.swift */ = {isa = PBXFileReference; lastKnownFileType = sourcecode.swift; path = PracticeButton.swift; sourceTree = "<group>"; };
		910DB6C02BBE293D00ABD082 /* EventListingView.swift */ = {isa = PBXFileReference; lastKnownFileType = sourcecode.swift; path = EventListingView.swift; sourceTree = "<group>"; };
		910DB6C22BBE2A1B00ABD082 /* EventsWidget.swift */ = {isa = PBXFileReference; lastKnownFileType = sourcecode.swift; path = EventsWidget.swift; sourceTree = "<group>"; };
		911D30852BC47753008E6921 /* UpcomingWidget.swift */ = {isa = PBXFileReference; lastKnownFileType = sourcecode.swift; path = UpcomingWidget.swift; sourceTree = "<group>"; };
		9132957D2BC090A700760FB7 /* TodoWidget.swift */ = {isa = PBXFileReference; lastKnownFileType = sourcecode.swift; path = TodoWidget.swift; sourceTree = "<group>"; };
		9138A4F92BC70C0B00A6E0A5 /* ScheduleWidget.swift */ = {isa = PBXFileReference; lastKnownFileType = sourcecode.swift; path = ScheduleWidget.swift; sourceTree = "<group>"; };
		9138A5002BC7313F00A6E0A5 /* UserManager.swift */ = {isa = PBXFileReference; lastKnownFileType = sourcecode.swift; path = UserManager.swift; sourceTree = "<group>"; };
		91622B462BBE0E6400A8DB7B /* PracticeView.swift */ = {isa = PBXFileReference; lastKnownFileType = sourcecode.swift; path = PracticeView.swift; sourceTree = "<group>"; };
		916598152BC85DB600CCA81C /* ScheduleWidgetListing.swift */ = {isa = PBXFileReference; lastKnownFileType = sourcecode.swift; path = ScheduleWidgetListing.swift; sourceTree = "<group>"; };
		916598182BC8646800CCA81C /* GoalWidget.swift */ = {isa = PBXFileReference; lastKnownFileType = sourcecode.swift; path = GoalWidget.swift; sourceTree = "<group>"; };
		91660EA62BBF756500DA9DC8 /* EventEditView.swift */ = {isa = PBXFileReference; lastKnownFileType = sourcecode.swift; path = EventEditView.swift; sourceTree = "<group>"; };
		916A04382BC0690D0033A4F9 /* ThemeManager.swift */ = {isa = PBXFileReference; lastKnownFileType = sourcecode.swift; path = ThemeManager.swift; sourceTree = "<group>"; };
		916A043B2BC077320033A4F9 /* PFPButton.swift */ = {isa = PBXFileReference; lastKnownFileType = sourcecode.swift; path = PFPButton.swift; sourceTree = "<group>"; };
		916A043D2BC077440033A4F9 /* SidebarManager.swift */ = {isa = PBXFileReference; lastKnownFileType = sourcecode.swift; path = SidebarManager.swift; sourceTree = "<group>"; };
		9174AED62BBA87D700B6BEFB /* PerfectPractice.app */ = {isa = PBXFileReference; explicitFileType = wrapper.application; includeInIndex = 0; path = PerfectPractice.app; sourceTree = BUILT_PRODUCTS_DIR; };
		9174AED92BBA87D700B6BEFB /* PerfectPracticeApp.swift */ = {isa = PBXFileReference; lastKnownFileType = sourcecode.swift; path = PerfectPracticeApp.swift; sourceTree = "<group>"; };
		9174AEDB2BBA87D700B6BEFB /* ContentView.swift */ = {isa = PBXFileReference; lastKnownFileType = sourcecode.swift; path = ContentView.swift; sourceTree = "<group>"; };
		9174AEDF2BBA87D700B6BEFB /* Assets.xcassets */ = {isa = PBXFileReference; lastKnownFileType = folder.assetcatalog; path = Assets.xcassets; sourceTree = "<group>"; };
		9174AEE22BBA87D700B6BEFB /* Preview Assets.xcassets */ = {isa = PBXFileReference; lastKnownFileType = folder.assetcatalog; path = "Preview Assets.xcassets"; sourceTree = "<group>"; };
		9174AEE92BBA87EB00B6BEFB /* PerfectPractice.entitlements */ = {isa = PBXFileReference; lastKnownFileType = text.plist.entitlements; path = PerfectPractice.entitlements; sourceTree = "<group>"; };
		9174AEEA2BBA87FF00B6BEFB /* Info.plist */ = {isa = PBXFileReference; lastKnownFileType = text.plist; path = Info.plist; sourceTree = "<group>"; };
		91C6F4502BC4C11E003DD1FF /* CircleButton.swift */ = {isa = PBXFileReference; lastKnownFileType = sourcecode.swift; path = CircleButton.swift; sourceTree = "<group>"; };
		91CE9C022BC5BB4600507F8C /* FormattedTimeInterval.swift */ = {isa = PBXFileReference; lastKnownFileType = sourcecode.swift; path = FormattedTimeInterval.swift; sourceTree = "<group>"; };
		91CE9C042BC5C00300507F8C /* CapsuleButton.swift */ = {isa = PBXFileReference; lastKnownFileType = sourcecode.swift; path = CapsuleButton.swift; sourceTree = "<group>"; };
		91D759452BC8743100754CC9 /* GoalWidgetListing.swift */ = {isa = PBXFileReference; lastKnownFileType = sourcecode.swift; path = GoalWidgetListing.swift; sourceTree = "<group>"; };
		91E7A5332BC7716400EF72B4 /* TodoWidgetListing.swift */ = {isa = PBXFileReference; lastKnownFileType = sourcecode.swift; path = TodoWidgetListing.swift; sourceTree = "<group>"; };
		91E7C7722BC32BD200B558BB /* Tags.swift */ = {isa = PBXFileReference; lastKnownFileType = sourcecode.swift; path = Tags.swift; sourceTree = "<group>"; };
/* End PBXFileReference section */

/* Begin PBXFrameworksBuildPhase section */
		9174AED32BBA87D700B6BEFB /* Frameworks */ = {
			isa = PBXFrameworksBuildPhase;
			buildActionMask = 2147483647;
			files = (
				91670B822BBB8B0D00509C6B /* Collections in Frameworks */,
			);
			runOnlyForDeploymentPostprocessing = 0;
		};
/* End PBXFrameworksBuildPhase section */

/* Begin PBXGroup section */
		910B06A52BBDC2F800313EAD /* Managers */ = {
			isa = PBXGroup;
			children = (
				910B06A62BBDC31100313EAD /* PracticeManager.swift */,
				916A04382BC0690D0033A4F9 /* ThemeManager.swift */,
				916A043D2BC077440033A4F9 /* SidebarManager.swift */,
				9138A5002BC7313F00A6E0A5 /* UserManager.swift */,
			);
			path = Managers;
			sourceTree = "<group>";
		};
		910B06AA2BBDC8FD00313EAD /* HomeView */ = {
			isa = PBXGroup;
			children = (
				910B06A82BBDC8FA00313EAD /* HomeView.swift */,
				911D30852BC47753008E6921 /* UpcomingWidget.swift */,
				910DB6C22BBE2A1B00ABD082 /* EventsWidget.swift */,
				916598132BC85DA300CCA81C /* TodoWidget */,
				910B06B22BBDFFBE00313EAD /* PracticeButton.swift */,
			);
			path = HomeView;
			sourceTree = "<group>";
		};
		910DB6BF2BBE292B00ABD082 /* EventView */ = {
			isa = PBXGroup;
			children = (
				910DB6C02BBE293D00ABD082 /* EventListingView.swift */,
				91660EA62BBF756500DA9DC8 /* EventEditView.swift */,
			);
			path = EventView;
			sourceTree = "<group>";
		};
		912E32B92BBF510A008FFCBF /* Views */ = {
			isa = PBXGroup;
			children = (
				9174AEDB2BBA87D700B6BEFB /* ContentView.swift */,
				910B06AA2BBDC8FD00313EAD /* HomeView */,
				91EBB85F2BBC9D9F000DB0B7 /* PracticeView */,
				91670B7B2BBB261500509C6B /* ProfileView */,
				9174AEEE2BBA8AFF00B6BEFB /* PracticeHistoryView */,
				910DB6BF2BBE292B00ABD082 /* EventView */,
				916A043A2BC076D40033A4F9 /* SidebarView */,
			);
			path = Views;
			sourceTree = "<group>";
		};
		916598132BC85DA300CCA81C /* TodoWidget */ = {
			isa = PBXGroup;
			children = (
				9132957D2BC090A700760FB7 /* TodoWidget.swift */,
				91E7A5332BC7716400EF72B4 /* TodoWidgetListing.swift */,
			);
			path = TodoWidget;
			sourceTree = "<group>";
		};
		916598142BC85DA900CCA81C /* ScheduleWidget */ = {
			isa = PBXGroup;
			children = (
				9138A4F92BC70C0B00A6E0A5 /* ScheduleWidget.swift */,
				916598152BC85DB600CCA81C /* ScheduleWidgetListing.swift */,
			);
			path = ScheduleWidget;
			sourceTree = "<group>";
		};
		916598172BC8644E00CCA81C /* GoalWidget */ = {
			isa = PBXGroup;
			children = (
				916598182BC8646800CCA81C /* GoalWidget.swift */,
				91D759452BC8743100754CC9 /* GoalWidgetListing.swift */,
			);
			path = GoalWidget;
			sourceTree = "<group>";
		};
		91670B7B2BBB261500509C6B /* ProfileView */ = {
			isa = PBXGroup;
			children = (
			);
			name = ProfileView;
			path = ../ProfileView;
			sourceTree = "<group>";
		};
		916A043A2BC076D40033A4F9 /* SidebarView */ = {
			isa = PBXGroup;
			children = (
				916A043B2BC077320033A4F9 /* PFPButton.swift */,
			);
			path = SidebarView;
			sourceTree = "<group>";
		};
		9174AECD2BBA87D700B6BEFB = {
			isa = PBXGroup;
			children = (
				9174AEDF2BBA87D700B6BEFB /* Assets.xcassets */,
				9174AED82BBA87D700B6BEFB /* PerfectPractice */,
				9174AED72BBA87D700B6BEFB /* Products */,
			);
			sourceTree = "<group>";
		};
		9174AED72BBA87D700B6BEFB /* Products */ = {
			isa = PBXGroup;
			children = (
				9174AED62BBA87D700B6BEFB /* PerfectPractice.app */,
			);
			name = Products;
			sourceTree = "<group>";
		};
		9174AED82BBA87D700B6BEFB /* PerfectPractice */ = {
			isa = PBXGroup;
			children = (
				9174AEEA2BBA87FF00B6BEFB /* Info.plist */,
				9174AEE92BBA87EB00B6BEFB /* PerfectPractice.entitlements */,
				912E32B92BBF510A008FFCBF /* Views */,
				9174AED92BBA87D700B6BEFB /* PerfectPracticeApp.swift */,
				9174AEED2BBA8AF500B6BEFB /* Data */,
				910B06A52BBDC2F800313EAD /* Managers */,
				9174AEF12BBA8BA200B6BEFB /* Utils */,
				9174AEE12BBA87D700B6BEFB /* Preview Content */,
			);
			path = PerfectPractice;
			sourceTree = "<group>";
		};
		9174AEE12BBA87D700B6BEFB /* Preview Content */ = {
			isa = PBXGroup;
			children = (
				9174AEE22BBA87D700B6BEFB /* Preview Assets.xcassets */,
			);
			path = "Preview Content";
			sourceTree = "<group>";
		};
		9174AEED2BBA8AF500B6BEFB /* Data */ = {
			isa = PBXGroup;
			children = (
				910B069B2BBDBA4100313EAD /* PracticeModel.swift */,
				910B069F2BBDBD1400313EAD /* UserModel.swift */,
				910B06A12BBDBE2500313EAD /* EventModel.swift */,
				91E7C7722BC32BD200B558BB /* Tags.swift */,
			);
			path = Data;
			sourceTree = "<group>";
		};
		9174AEEE2BBA8AFF00B6BEFB /* PracticeHistoryView */ = {
			isa = PBXGroup;
			children = (
			);
			name = PracticeHistoryView;
			path = ../PracticeHistoryView;
			sourceTree = "<group>";
		};
		9174AEF12BBA8BA200B6BEFB /* Utils */ = {
			isa = PBXGroup;
			children = (
				910B069D2BBDBBD000313EAD /* DataTransformation.swift */,
				910B06AB2BBDCE4500313EAD /* Bento.swift */,
				910B06AD2BBDE97600313EAD /* HelperFunctions.swift */,
				91C6F4502BC4C11E003DD1FF /* CircleButton.swift */,
				91CE9C042BC5C00300507F8C /* CapsuleButton.swift */,
				91CE9C022BC5BB4600507F8C /* FormattedTimeInterval.swift */,
			);
			path = Utils;
			sourceTree = "<group>";
		};
		91EBB85F2BBC9D9F000DB0B7 /* PracticeView */ = {
			isa = PBXGroup;
			children = (
				91622B462BBE0E6400A8DB7B /* PracticeView.swift */,
				916598142BC85DA900CCA81C /* ScheduleWidget */,
				916598172BC8644E00CCA81C /* GoalWidget */,
			);
			path = PracticeView;
			sourceTree = "<group>";
		};
/* End PBXGroup section */

/* Begin PBXNativeTarget section */
		9174AED52BBA87D700B6BEFB /* PerfectPractice */ = {
			isa = PBXNativeTarget;
			buildConfigurationList = 9174AEE62BBA87D700B6BEFB /* Build configuration list for PBXNativeTarget "PerfectPractice" */;
			buildPhases = (
				9174AED22BBA87D700B6BEFB /* Sources */,
				9174AED32BBA87D700B6BEFB /* Frameworks */,
				9174AED42BBA87D700B6BEFB /* Resources */,
			);
			buildRules = (
			);
			dependencies = (
			);
			name = PerfectPractice;
			packageProductDependencies = (
				91670B812BBB8B0D00509C6B /* Collections */,
			);
			productName = PerfectPractice;
			productReference = 9174AED62BBA87D700B6BEFB /* PerfectPractice.app */;
			productType = "com.apple.product-type.application";
		};
/* End PBXNativeTarget section */

/* Begin PBXProject section */
		9174AECE2BBA87D700B6BEFB /* Project object */ = {
			isa = PBXProject;
			attributes = {
				BuildIndependentTargetsInParallel = 1;
				LastSwiftUpdateCheck = 1530;
				LastUpgradeCheck = 1530;
				TargetAttributes = {
					9174AED52BBA87D700B6BEFB = {
						CreatedOnToolsVersion = 15.3;
					};
				};
			};
			buildConfigurationList = 9174AED12BBA87D700B6BEFB /* Build configuration list for PBXProject "PerfectPractice" */;
			compatibilityVersion = "Xcode 14.0";
			developmentRegion = en;
			hasScannedForEncodings = 0;
			knownRegions = (
				en,
				Base,
			);
			mainGroup = 9174AECD2BBA87D700B6BEFB;
			packageReferences = (
				91670B802BBB8B0D00509C6B /* XCRemoteSwiftPackageReference "swift-collections" */,
			);
			productRefGroup = 9174AED72BBA87D700B6BEFB /* Products */;
			projectDirPath = "";
			projectRoot = "";
			targets = (
				9174AED52BBA87D700B6BEFB /* PerfectPractice */,
			);
		};
/* End PBXProject section */

/* Begin PBXResourcesBuildPhase section */
		9174AED42BBA87D700B6BEFB /* Resources */ = {
			isa = PBXResourcesBuildPhase;
			buildActionMask = 2147483647;
			files = (
				9174AEE32BBA87D700B6BEFB /* Preview Assets.xcassets in Resources */,
				9174AEE02BBA87D700B6BEFB /* Assets.xcassets in Resources */,
			);
			runOnlyForDeploymentPostprocessing = 0;
		};
/* End PBXResourcesBuildPhase section */

/* Begin PBXSourcesBuildPhase section */
		9174AED22BBA87D700B6BEFB /* Sources */ = {
			isa = PBXSourcesBuildPhase;
			buildActionMask = 2147483647;
			files = (
				916598192BC8646800CCA81C /* GoalWidget.swift in Sources */,
				91CE9C052BC5C00300507F8C /* CapsuleButton.swift in Sources */,
				91660EA72BBF756500DA9DC8 /* EventEditView.swift in Sources */,
				91E7C7732BC32BD200B558BB /* Tags.swift in Sources */,
				9138A4FA2BC70C0B00A6E0A5 /* ScheduleWidget.swift in Sources */,
				910B06A92BBDC8FA00313EAD /* HomeView.swift in Sources */,
				916A043C2BC077320033A4F9 /* PFPButton.swift in Sources */,
				9138A5012BC7313F00A6E0A5 /* UserManager.swift in Sources */,
				910DB6C12BBE293D00ABD082 /* EventListingView.swift in Sources */,
				91D759462BC8743100754CC9 /* GoalWidgetListing.swift in Sources */,
				91CE9C032BC5BB4600507F8C /* FormattedTimeInterval.swift in Sources */,
				910B069E2BBDBBD000313EAD /* DataTransformation.swift in Sources */,
				916A04392BC0690D0033A4F9 /* ThemeManager.swift in Sources */,
				910B069C2BBDBA4100313EAD /* PracticeModel.swift in Sources */,
				9132957E2BC090A700760FB7 /* TodoWidget.swift in Sources */,
				916A043E2BC077440033A4F9 /* SidebarManager.swift in Sources */,
				9174AEDC2BBA87D700B6BEFB /* ContentView.swift in Sources */,
				911D30862BC47753008E6921 /* UpcomingWidget.swift in Sources */,
				91622B472BBE0E6400A8DB7B /* PracticeView.swift in Sources */,
				916598162BC85DB600CCA81C /* ScheduleWidgetListing.swift in Sources */,
				91C6F4512BC4C11E003DD1FF /* CircleButton.swift in Sources */,
				910B06A02BBDBD1400313EAD /* UserModel.swift in Sources */,
				910B06AC2BBDCE4500313EAD /* Bento.swift in Sources */,
				910B06A22BBDBE2500313EAD /* EventModel.swift in Sources */,
				910DB6C32BBE2A1B00ABD082 /* EventsWidget.swift in Sources */,
				910B06A72BBDC31100313EAD /* PracticeManager.swift in Sources */,
				910B06B32BBDFFBE00313EAD /* PracticeButton.swift in Sources */,
				91E7A5342BC7716400EF72B4 /* TodoWidgetListing.swift in Sources */,
				910B06AE2BBDE97600313EAD /* HelperFunctions.swift in Sources */,
				9174AEDA2BBA87D700B6BEFB /* PerfectPracticeApp.swift in Sources */,
			);
			runOnlyForDeploymentPostprocessing = 0;
		};
/* End PBXSourcesBuildPhase section */

/* Begin XCBuildConfiguration section */
		9174AEE42BBA87D700B6BEFB /* Debug */ = {
			isa = XCBuildConfiguration;
			buildSettings = {
				ALWAYS_SEARCH_USER_PATHS = NO;
				ASSETCATALOG_COMPILER_GENERATE_SWIFT_ASSET_SYMBOL_EXTENSIONS = YES;
				CLANG_ANALYZER_NONNULL = YES;
				CLANG_ANALYZER_NUMBER_OBJECT_CONVERSION = YES_AGGRESSIVE;
				CLANG_CXX_LANGUAGE_STANDARD = "gnu++20";
				CLANG_ENABLE_MODULES = YES;
				CLANG_ENABLE_OBJC_ARC = YES;
				CLANG_ENABLE_OBJC_WEAK = YES;
				CLANG_WARN_BLOCK_CAPTURE_AUTORELEASING = YES;
				CLANG_WARN_BOOL_CONVERSION = YES;
				CLANG_WARN_COMMA = YES;
				CLANG_WARN_CONSTANT_CONVERSION = YES;
				CLANG_WARN_DEPRECATED_OBJC_IMPLEMENTATIONS = YES;
				CLANG_WARN_DIRECT_OBJC_ISA_USAGE = YES_ERROR;
				CLANG_WARN_DOCUMENTATION_COMMENTS = YES;
				CLANG_WARN_EMPTY_BODY = YES;
				CLANG_WARN_ENUM_CONVERSION = YES;
				CLANG_WARN_INFINITE_RECURSION = YES;
				CLANG_WARN_INT_CONVERSION = YES;
				CLANG_WARN_NON_LITERAL_NULL_CONVERSION = YES;
				CLANG_WARN_OBJC_IMPLICIT_RETAIN_SELF = YES;
				CLANG_WARN_OBJC_LITERAL_CONVERSION = YES;
				CLANG_WARN_OBJC_ROOT_CLASS = YES_ERROR;
				CLANG_WARN_QUOTED_INCLUDE_IN_FRAMEWORK_HEADER = YES;
				CLANG_WARN_RANGE_LOOP_ANALYSIS = YES;
				CLANG_WARN_STRICT_PROTOTYPES = YES;
				CLANG_WARN_SUSPICIOUS_MOVE = YES;
				CLANG_WARN_UNGUARDED_AVAILABILITY = YES_AGGRESSIVE;
				CLANG_WARN_UNREACHABLE_CODE = YES;
				CLANG_WARN__DUPLICATE_METHOD_MATCH = YES;
				COPY_PHASE_STRIP = NO;
				DEBUG_INFORMATION_FORMAT = dwarf;
				ENABLE_STRICT_OBJC_MSGSEND = YES;
				ENABLE_TESTABILITY = YES;
				ENABLE_USER_SCRIPT_SANDBOXING = YES;
				GCC_C_LANGUAGE_STANDARD = gnu17;
				GCC_DYNAMIC_NO_PIC = NO;
				GCC_NO_COMMON_BLOCKS = YES;
				GCC_OPTIMIZATION_LEVEL = 0;
				GCC_PREPROCESSOR_DEFINITIONS = (
					"DEBUG=1",
					"$(inherited)",
				);
				GCC_WARN_64_TO_32_BIT_CONVERSION = YES;
				GCC_WARN_ABOUT_RETURN_TYPE = YES_ERROR;
				GCC_WARN_UNDECLARED_SELECTOR = YES;
				GCC_WARN_UNINITIALIZED_AUTOS = YES_AGGRESSIVE;
				GCC_WARN_UNUSED_FUNCTION = YES;
				GCC_WARN_UNUSED_VARIABLE = YES;
				IPHONEOS_DEPLOYMENT_TARGET = 17.4;
				LOCALIZATION_PREFERS_STRING_CATALOGS = YES;
				MTL_ENABLE_DEBUG_INFO = INCLUDE_SOURCE;
				MTL_FAST_MATH = YES;
				ONLY_ACTIVE_ARCH = YES;
				SDKROOT = iphoneos;
				SWIFT_ACTIVE_COMPILATION_CONDITIONS = "DEBUG $(inherited)";
				SWIFT_OPTIMIZATION_LEVEL = "-Onone";
			};
			name = Debug;
		};
		9174AEE52BBA87D700B6BEFB /* Release */ = {
			isa = XCBuildConfiguration;
			buildSettings = {
				ALWAYS_SEARCH_USER_PATHS = NO;
				ASSETCATALOG_COMPILER_GENERATE_SWIFT_ASSET_SYMBOL_EXTENSIONS = YES;
				CLANG_ANALYZER_NONNULL = YES;
				CLANG_ANALYZER_NUMBER_OBJECT_CONVERSION = YES_AGGRESSIVE;
				CLANG_CXX_LANGUAGE_STANDARD = "gnu++20";
				CLANG_ENABLE_MODULES = YES;
				CLANG_ENABLE_OBJC_ARC = YES;
				CLANG_ENABLE_OBJC_WEAK = YES;
				CLANG_WARN_BLOCK_CAPTURE_AUTORELEASING = YES;
				CLANG_WARN_BOOL_CONVERSION = YES;
				CLANG_WARN_COMMA = YES;
				CLANG_WARN_CONSTANT_CONVERSION = YES;
				CLANG_WARN_DEPRECATED_OBJC_IMPLEMENTATIONS = YES;
				CLANG_WARN_DIRECT_OBJC_ISA_USAGE = YES_ERROR;
				CLANG_WARN_DOCUMENTATION_COMMENTS = YES;
				CLANG_WARN_EMPTY_BODY = YES;
				CLANG_WARN_ENUM_CONVERSION = YES;
				CLANG_WARN_INFINITE_RECURSION = YES;
				CLANG_WARN_INT_CONVERSION = YES;
				CLANG_WARN_NON_LITERAL_NULL_CONVERSION = YES;
				CLANG_WARN_OBJC_IMPLICIT_RETAIN_SELF = YES;
				CLANG_WARN_OBJC_LITERAL_CONVERSION = YES;
				CLANG_WARN_OBJC_ROOT_CLASS = YES_ERROR;
				CLANG_WARN_QUOTED_INCLUDE_IN_FRAMEWORK_HEADER = YES;
				CLANG_WARN_RANGE_LOOP_ANALYSIS = YES;
				CLANG_WARN_STRICT_PROTOTYPES = YES;
				CLANG_WARN_SUSPICIOUS_MOVE = YES;
				CLANG_WARN_UNGUARDED_AVAILABILITY = YES_AGGRESSIVE;
				CLANG_WARN_UNREACHABLE_CODE = YES;
				CLANG_WARN__DUPLICATE_METHOD_MATCH = YES;
				COPY_PHASE_STRIP = NO;
				DEBUG_INFORMATION_FORMAT = "dwarf-with-dsym";
				ENABLE_NS_ASSERTIONS = NO;
				ENABLE_STRICT_OBJC_MSGSEND = YES;
				ENABLE_USER_SCRIPT_SANDBOXING = YES;
				GCC_C_LANGUAGE_STANDARD = gnu17;
				GCC_NO_COMMON_BLOCKS = YES;
				GCC_WARN_64_TO_32_BIT_CONVERSION = YES;
				GCC_WARN_ABOUT_RETURN_TYPE = YES_ERROR;
				GCC_WARN_UNDECLARED_SELECTOR = YES;
				GCC_WARN_UNINITIALIZED_AUTOS = YES_AGGRESSIVE;
				GCC_WARN_UNUSED_FUNCTION = YES;
				GCC_WARN_UNUSED_VARIABLE = YES;
				IPHONEOS_DEPLOYMENT_TARGET = 17.4;
				LOCALIZATION_PREFERS_STRING_CATALOGS = YES;
				MTL_ENABLE_DEBUG_INFO = NO;
				MTL_FAST_MATH = YES;
				SDKROOT = iphoneos;
				SWIFT_COMPILATION_MODE = wholemodule;
				VALIDATE_PRODUCT = YES;
			};
			name = Release;
		};
		9174AEE72BBA87D700B6BEFB /* Debug */ = {
			isa = XCBuildConfiguration;
			buildSettings = {
				ASSETCATALOG_COMPILER_APPICON_NAME = AppIcon;
				ASSETCATALOG_COMPILER_GLOBAL_ACCENT_COLOR_NAME = AccentColor;
				CODE_SIGN_ENTITLEMENTS = PerfectPractice/PerfectPractice.entitlements;
				CODE_SIGN_STYLE = Automatic;
				CURRENT_PROJECT_VERSION = 1;
				DEVELOPMENT_ASSET_PATHS = "\"PerfectPractice/Preview Content\"";
				DEVELOPMENT_TEAM = T6S3X5KD6C;
				ENABLE_PREVIEWS = YES;
				GENERATE_INFOPLIST_FILE = YES;
				INFOPLIST_FILE = PerfectPractice/Info.plist;
				INFOPLIST_KEY_UIApplicationSceneManifest_Generation = YES;
				INFOPLIST_KEY_UIApplicationSupportsIndirectInputEvents = YES;
				INFOPLIST_KEY_UILaunchScreen_Generation = YES;
				INFOPLIST_KEY_UISupportedInterfaceOrientations_iPad = "UIInterfaceOrientationPortrait UIInterfaceOrientationPortraitUpsideDown UIInterfaceOrientationLandscapeLeft UIInterfaceOrientationLandscapeRight";
				INFOPLIST_KEY_UISupportedInterfaceOrientations_iPhone = "UIInterfaceOrientationPortrait UIInterfaceOrientationLandscapeLeft UIInterfaceOrientationLandscapeRight";
				LD_RUNPATH_SEARCH_PATHS = (
					"$(inherited)",
					"@executable_path/Frameworks",
				);
				MARKETING_VERSION = 1.0;
				PRODUCT_BUNDLE_IDENTIFIER = Francia.PerfectPractice;
				PRODUCT_NAME = "$(TARGET_NAME)";
				SWIFT_EMIT_LOC_STRINGS = YES;
				SWIFT_VERSION = 5.0;
				TARGETED_DEVICE_FAMILY = "1,2";
			};
			name = Debug;
		};
		9174AEE82BBA87D700B6BEFB /* Release */ = {
			isa = XCBuildConfiguration;
			buildSettings = {
				ASSETCATALOG_COMPILER_APPICON_NAME = AppIcon;
				ASSETCATALOG_COMPILER_GLOBAL_ACCENT_COLOR_NAME = AccentColor;
				CODE_SIGN_ENTITLEMENTS = PerfectPractice/PerfectPractice.entitlements;
				CODE_SIGN_STYLE = Automatic;
				CURRENT_PROJECT_VERSION = 1;
				DEVELOPMENT_ASSET_PATHS = "\"PerfectPractice/Preview Content\"";
				DEVELOPMENT_TEAM = T6S3X5KD6C;
				ENABLE_PREVIEWS = YES;
				GENERATE_INFOPLIST_FILE = YES;
				INFOPLIST_FILE = PerfectPractice/Info.plist;
				INFOPLIST_KEY_UIApplicationSceneManifest_Generation = YES;
				INFOPLIST_KEY_UIApplicationSupportsIndirectInputEvents = YES;
				INFOPLIST_KEY_UILaunchScreen_Generation = YES;
				INFOPLIST_KEY_UISupportedInterfaceOrientations_iPad = "UIInterfaceOrientationPortrait UIInterfaceOrientationPortraitUpsideDown UIInterfaceOrientationLandscapeLeft UIInterfaceOrientationLandscapeRight";
				INFOPLIST_KEY_UISupportedInterfaceOrientations_iPhone = "UIInterfaceOrientationPortrait UIInterfaceOrientationLandscapeLeft UIInterfaceOrientationLandscapeRight";
				LD_RUNPATH_SEARCH_PATHS = (
					"$(inherited)",
					"@executable_path/Frameworks",
				);
				MARKETING_VERSION = 1.0;
				PRODUCT_BUNDLE_IDENTIFIER = Francia.PerfectPractice;
				PRODUCT_NAME = "$(TARGET_NAME)";
				SWIFT_EMIT_LOC_STRINGS = YES;
				SWIFT_VERSION = 5.0;
				TARGETED_DEVICE_FAMILY = "1,2";
			};
			name = Release;
		};
/* End XCBuildConfiguration section */

/* Begin XCConfigurationList section */
		9174AED12BBA87D700B6BEFB /* Build configuration list for PBXProject "PerfectPractice" */ = {
			isa = XCConfigurationList;
			buildConfigurations = (
				9174AEE42BBA87D700B6BEFB /* Debug */,
				9174AEE52BBA87D700B6BEFB /* Release */,
			);
			defaultConfigurationIsVisible = 0;
			defaultConfigurationName = Release;
		};
		9174AEE62BBA87D700B6BEFB /* Build configuration list for PBXNativeTarget "PerfectPractice" */ = {
			isa = XCConfigurationList;
			buildConfigurations = (
				9174AEE72BBA87D700B6BEFB /* Debug */,
				9174AEE82BBA87D700B6BEFB /* Release */,
			);
			defaultConfigurationIsVisible = 0;
			defaultConfigurationName = Release;
		};
/* End XCConfigurationList section */

/* Begin XCRemoteSwiftPackageReference section */
		91670B802BBB8B0D00509C6B /* XCRemoteSwiftPackageReference "swift-collections" */ = {
			isa = XCRemoteSwiftPackageReference;
			repositoryURL = "https://github.com/apple/swift-collections.git";
			requirement = {
				kind = upToNextMajorVersion;
				minimumVersion = 1.1.0;
			};
		};
/* End XCRemoteSwiftPackageReference section */

/* Begin XCSwiftPackageProductDependency section */
		91670B812BBB8B0D00509C6B /* Collections */ = {
			isa = XCSwiftPackageProductDependency;
			package = 91670B802BBB8B0D00509C6B /* XCRemoteSwiftPackageReference "swift-collections" */;
			productName = Collections;
		};
/* End XCSwiftPackageProductDependency section */
	};
	rootObject = 9174AECE2BBA87D700B6BEFB /* Project object */;
}
